
Microsoft Visual Studio Solution File, Format Version 12.00
# Visual Studio Version 17
VisualStudioVersion = 17.14.36603.0 d17.14
MinimumVisualStudioVersion = 10.0.40219.1
Project("{FAE04EC0-301F-11D3-BF4B-00C04F79EFBC}") = "MusicWebApi.App", "MusicWebApi.App\MusicWebApi.App.csproj", "{A732BBA7-FF73-4AB8-96F6-592CE52FE761}"
EndProject
Global
	GlobalSection(SolutionConfigurationPlatforms) = preSolution
		Debug|Any CPU = Debug|Any CPU
		Release|Any CPU = Release|Any CPU
	EndGlobalSection
	GlobalSection(ProjectConfigurationPlatforms) = postSolution
		{A732BBA7-FF73-4AB8-96F6-592CE52FE761}.Debug|Any CPU.ActiveCfg = Debug|Any CPU
		{A732BBA7-FF73-4AB8-96F6-592CE52FE761}.Debug|Any CPU.Build.0 = Debug|Any CPU
		{A732BBA7-FF73-4AB8-96F6-592CE52FE761}.Release|Any CPU.ActiveCfg = Release|Any CPU
		{A732BBA7-FF73-4AB8-96F6-592CE52FE761}.Release|Any CPU.Build.0 = Release|Any CPU
	EndGlobalSection
	GlobalSection(SolutionProperties) = preSolution
		HideSolutionNode = FALSE
	EndGlobalSection
	GlobalSection(ExtensibilityGlobals) = postSolution
		SolutionGuid = {02E18E19-9826-4C40-BC10-F3F443F99AE7}
	EndGlobalSection
EndGlobal
